// !$*UTF8*$!
{
	archiveVersion = 1;
	classes = {
	};
	objectVersion = 50;
	objects = {

/* Begin PBXBuildFile section */
		7919425D256765CA0066CC44 /* UITextView+Shortcodes.swift in Sources */ = {isa = PBXBuildFile; fileRef = 7919425C256765C90066CC44 /* UITextView+Shortcodes.swift */; };
		791947222568C6CD0066CC44 /* UIFastCollectionViewCell.swift in Sources */ = {isa = PBXBuildFile; fileRef = 791947212568C6CD0066CC44 /* UIFastCollectionViewCell.swift */; };
		7919C1232553EE13003F7465 /* UIFastTableViewCell.swift in Sources */ = {isa = PBXBuildFile; fileRef = 7919C1222553EE13003F7465 /* UIFastTableViewCell.swift */; };
		7919C13625545E1B003F7465 /* UIScreen+Shortcodes.swift in Sources */ = {isa = PBXBuildFile; fileRef = 7919C13525545E1B003F7465 /* UIScreen+Shortcodes.swift */; };
		791E6746254BADDB00FE4D64 /* UIFastKit.h in Headers */ = {isa = PBXBuildFile; fileRef = 791E6744254BADDB00FE4D64 /* UIFastKit.h */; settings = {ATTRIBUTES = (Public, ); }; };
		791E675E254BAE2800FE4D64 /* UITextField+Shortcodes.swift in Sources */ = {isa = PBXBuildFile; fileRef = 791E674F254BAE2700FE4D64 /* UITextField+Shortcodes.swift */; };
		791E675F254BAE2800FE4D64 /* UILabel+Shortcodes.swift in Sources */ = {isa = PBXBuildFile; fileRef = 791E6750254BAE2700FE4D64 /* UILabel+Shortcodes.swift */; };
		791E6760254BAE2800FE4D64 /* UIButton+Shortcodes.swift in Sources */ = {isa = PBXBuildFile; fileRef = 791E6751254BAE2700FE4D64 /* UIButton+Shortcodes.swift */; };
		791E6761254BAE2800FE4D64 /* UIView+Shortcodes.swift in Sources */ = {isa = PBXBuildFile; fileRef = 791E6752254BAE2700FE4D64 /* UIView+Shortcodes.swift */; };
		791E6762254BAE2800FE4D64 /* UIImageView+Shortcodes.swift in Sources */ = {isa = PBXBuildFile; fileRef = 791E6753254BAE2700FE4D64 /* UIImageView+Shortcodes.swift */; };
		791E6763254BAE2800FE4D64 /* UIFastKit.swift in Sources */ = {isa = PBXBuildFile; fileRef = 791E6754254BAE2800FE4D64 /* UIFastKit.swift */; };
		791E6764254BAE2800FE4D64 /* UIImageView+Binding.swift in Sources */ = {isa = PBXBuildFile; fileRef = 791E6756254BAE2800FE4D64 /* UIImageView+Binding.swift */; };
		791E6765254BAE2800FE4D64 /* UILabel+Binding.swift in Sources */ = {isa = PBXBuildFile; fileRef = 791E6757254BAE2800FE4D64 /* UILabel+Binding.swift */; };
		791E6766254BAE2800FE4D64 /* UITextField+Binding.swift in Sources */ = {isa = PBXBuildFile; fileRef = 791E6758254BAE2800FE4D64 /* UITextField+Binding.swift */; };
		791E6767254BAE2800FE4D64 /* UIView+Binding.swift in Sources */ = {isa = PBXBuildFile; fileRef = 791E6759254BAE2800FE4D64 /* UIView+Binding.swift */; };
		791E6769254BAE2800FE4D64 /* UIButton+Binding.swift in Sources */ = {isa = PBXBuildFile; fileRef = 791E675B254BAE2800FE4D64 /* UIButton+Binding.swift */; };
		791E676A254BAE2800FE4D64 /* UIControl+Binding.swift in Sources */ = {isa = PBXBuildFile; fileRef = 791E675C254BAE2800FE4D64 /* UIControl+Binding.swift */; };
		791E676B254BAE2800FE4D64 /* UIFastDefine.swift in Sources */ = {isa = PBXBuildFile; fileRef = 791E675D254BAE2800FE4D64 /* UIFastDefine.swift */; };
		798404EA2553A152000866F8 /* UIFastViewController.swift in Sources */ = {isa = PBXBuildFile; fileRef = 798404E92553A152000866F8 /* UIFastViewController.swift */; };
		798D4F3326044F5D00D7CBE7 /* UIFastPageScrollView.swift in Sources */ = {isa = PBXBuildFile; fileRef = 798D4F3226044F5D00D7CBE7 /* UIFastPageScrollView.swift */; };
		798D4F3626044F6B00D7CBE7 /* UIFastScrollBinding.swift in Sources */ = {isa = PBXBuildFile; fileRef = 798D4F3526044F6B00D7CBE7 /* UIFastScrollBinding.swift */; };
		798D52332607859700D7CBE7 /* CGFloat+Extensions.swift in Sources */ = {isa = PBXBuildFile; fileRef = 798D52322607859600D7CBE7 /* CGFloat+Extensions.swift */; };
		798D52632607B01200D7CBE7 /* Int+Extensions.swift in Sources */ = {isa = PBXBuildFile; fileRef = 798D52622607B01200D7CBE7 /* Int+Extensions.swift */; };
		79BFCF0B261C985B0057AB6E /* UIFastButtonGroup.swift in Sources */ = {isa = PBXBuildFile; fileRef = 79BFCF0A261C985B0057AB6E /* UIFastButtonGroup.swift */; };
		79BFCF9E261D54080057AB6E /* URL+Extensions.swift in Sources */ = {isa = PBXBuildFile; fileRef = 79BFCF9D261D54080057AB6E /* URL+Extensions.swift */; };
		79C113E525F9F5620068DA1E /* Binding.swift in Sources */ = {isa = PBXBuildFile; fileRef = 79C113E425F9F5610068DA1E /* Binding.swift */; };
		79C571AC255781460038E3D5 /* UIColor+Extensions.swift in Sources */ = {isa = PBXBuildFile; fileRef = 79C571AB255781460038E3D5 /* UIColor+Extensions.swift */; };
		79C571AF255783800038E3D5 /* String+Extensions.swift in Sources */ = {isa = PBXBuildFile; fileRef = 79C571AE255783800038E3D5 /* String+Extensions.swift */; };
		79DF6608255521ED00842DE5 /* NameDescribable.swift in Sources */ = {isa = PBXBuildFile; fileRef = 79DF6607255521ED00842DE5 /* NameDescribable.swift */; };
		79DF66132555280400842DE5 /* UIView+Extensions.swift in Sources */ = {isa = PBXBuildFile; fileRef = 79DF66122555280400842DE5 /* UIView+Extensions.swift */; };
		79DF662F255537FB00842DE5 /* List+Extensions.swift in Sources */ = {isa = PBXBuildFile; fileRef = 79DF662E255537FB00842DE5 /* List+Extensions.swift */; };
		79DF663C25553CB600842DE5 /* LoremSwiftum.swift in Sources */ = {isa = PBXBuildFile; fileRef = 79DF663B25553CB600842DE5 /* LoremSwiftum.swift */; };
		9D72F4C7F96C0385D7DA398A /* Pods_UIFastKit.framework in Frameworks */ = {isa = PBXBuildFile; fileRef = E3F93987EF273BE362C8115F /* Pods_UIFastKit.framework */; };
/* End PBXBuildFile section */

/* Begin PBXFileReference section */
		0429F8FFF4A9C9F9C935D0F4 /* Pods-UIFastKit.debug.xcconfig */ = {isa = PBXFileReference; includeInIndex = 1; lastKnownFileType = text.xcconfig; name = "Pods-UIFastKit.debug.xcconfig"; path = "Target Support Files/Pods-UIFastKit/Pods-UIFastKit.debug.xcconfig"; sourceTree = "<group>"; };
		1DA669913706B47499B54CF0 /* Pods-UIFastKit.release.xcconfig */ = {isa = PBXFileReference; includeInIndex = 1; lastKnownFileType = text.xcconfig; name = "Pods-UIFastKit.release.xcconfig"; path = "Target Support Files/Pods-UIFastKit/Pods-UIFastKit.release.xcconfig"; sourceTree = "<group>"; };
		7919425C256765C90066CC44 /* UITextView+Shortcodes.swift */ = {isa = PBXFileReference; fileEncoding = 4; lastKnownFileType = sourcecode.swift; path = "UITextView+Shortcodes.swift"; sourceTree = "<group>"; };
		791947212568C6CD0066CC44 /* UIFastCollectionViewCell.swift */ = {isa = PBXFileReference; lastKnownFileType = sourcecode.swift; path = UIFastCollectionViewCell.swift; sourceTree = "<group>"; };
		7919C1222553EE13003F7465 /* UIFastTableViewCell.swift */ = {isa = PBXFileReference; lastKnownFileType = sourcecode.swift; path = UIFastTableViewCell.swift; sourceTree = "<group>"; };
		7919C13525545E1B003F7465 /* UIScreen+Shortcodes.swift */ = {isa = PBXFileReference; lastKnownFileType = sourcecode.swift; path = "UIScreen+Shortcodes.swift"; sourceTree = "<group>"; };
		791E6741254BADDB00FE4D64 /* UIFastKit.framework */ = {isa = PBXFileReference; explicitFileType = wrapper.framework; includeInIndex = 0; path = UIFastKit.framework; sourceTree = BUILT_PRODUCTS_DIR; };
		791E6744254BADDB00FE4D64 /* UIFastKit.h */ = {isa = PBXFileReference; lastKnownFileType = sourcecode.c.h; path = UIFastKit.h; sourceTree = "<group>"; };
		791E6745254BADDB00FE4D64 /* Info.plist */ = {isa = PBXFileReference; lastKnownFileType = text.plist.xml; path = Info.plist; sourceTree = "<group>"; };
		791E674F254BAE2700FE4D64 /* UITextField+Shortcodes.swift */ = {isa = PBXFileReference; fileEncoding = 4; lastKnownFileType = sourcecode.swift; path = "UITextField+Shortcodes.swift"; sourceTree = "<group>"; };
		791E6750254BAE2700FE4D64 /* UILabel+Shortcodes.swift */ = {isa = PBXFileReference; fileEncoding = 4; lastKnownFileType = sourcecode.swift; path = "UILabel+Shortcodes.swift"; sourceTree = "<group>"; };
		791E6751254BAE2700FE4D64 /* UIButton+Shortcodes.swift */ = {isa = PBXFileReference; fileEncoding = 4; lastKnownFileType = sourcecode.swift; path = "UIButton+Shortcodes.swift"; sourceTree = "<group>"; };
		791E6752254BAE2700FE4D64 /* UIView+Shortcodes.swift */ = {isa = PBXFileReference; fileEncoding = 4; lastKnownFileType = sourcecode.swift; path = "UIView+Shortcodes.swift"; sourceTree = "<group>"; };
		791E6753254BAE2700FE4D64 /* UIImageView+Shortcodes.swift */ = {isa = PBXFileReference; fileEncoding = 4; lastKnownFileType = sourcecode.swift; path = "UIImageView+Shortcodes.swift"; sourceTree = "<group>"; };
		791E6754254BAE2800FE4D64 /* UIFastKit.swift */ = {isa = PBXFileReference; fileEncoding = 4; lastKnownFileType = sourcecode.swift; path = UIFastKit.swift; sourceTree = "<group>"; };
		791E6756254BAE2800FE4D64 /* UIImageView+Binding.swift */ = {isa = PBXFileReference; fileEncoding = 4; lastKnownFileType = sourcecode.swift; path = "UIImageView+Binding.swift"; sourceTree = "<group>"; };
		791E6757254BAE2800FE4D64 /* UILabel+Binding.swift */ = {isa = PBXFileReference; fileEncoding = 4; lastKnownFileType = sourcecode.swift; path = "UILabel+Binding.swift"; sourceTree = "<group>"; };
		791E6758254BAE2800FE4D64 /* UITextField+Binding.swift */ = {isa = PBXFileReference; fileEncoding = 4; lastKnownFileType = sourcecode.swift; path = "UITextField+Binding.swift"; sourceTree = "<group>"; };
		791E6759254BAE2800FE4D64 /* UIView+Binding.swift */ = {isa = PBXFileReference; fileEncoding = 4; lastKnownFileType = sourcecode.swift; path = "UIView+Binding.swift"; sourceTree = "<group>"; };
		791E675B254BAE2800FE4D64 /* UIButton+Binding.swift */ = {isa = PBXFileReference; fileEncoding = 4; lastKnownFileType = sourcecode.swift; path = "UIButton+Binding.swift"; sourceTree = "<group>"; };
		791E675C254BAE2800FE4D64 /* UIControl+Binding.swift */ = {isa = PBXFileReference; fileEncoding = 4; lastKnownFileType = sourcecode.swift; path = "UIControl+Binding.swift"; sourceTree = "<group>"; };
		791E675D254BAE2800FE4D64 /* UIFastDefine.swift */ = {isa = PBXFileReference; fileEncoding = 4; lastKnownFileType = sourcecode.swift; path = UIFastDefine.swift; sourceTree = "<group>"; };
		798404E92553A152000866F8 /* UIFastViewController.swift */ = {isa = PBXFileReference; fileEncoding = 4; lastKnownFileType = sourcecode.swift; path = UIFastViewController.swift; sourceTree = "<group>"; };
		798D4F3226044F5D00D7CBE7 /* UIFastPageScrollView.swift */ = {isa = PBXFileReference; fileEncoding = 4; lastKnownFileType = sourcecode.swift; path = UIFastPageScrollView.swift; sourceTree = "<group>"; };
		798D4F3526044F6B00D7CBE7 /* UIFastScrollBinding.swift */ = {isa = PBXFileReference; fileEncoding = 4; lastKnownFileType = sourcecode.swift; path = UIFastScrollBinding.swift; sourceTree = "<group>"; };
		798D52322607859600D7CBE7 /* CGFloat+Extensions.swift */ = {isa = PBXFileReference; lastKnownFileType = sourcecode.swift; path = "CGFloat+Extensions.swift"; sourceTree = "<group>"; };
		798D52622607B01200D7CBE7 /* Int+Extensions.swift */ = {isa = PBXFileReference; lastKnownFileType = sourcecode.swift; path = "Int+Extensions.swift"; sourceTree = "<group>"; };
		79BFCF0A261C985B0057AB6E /* UIFastButtonGroup.swift */ = {isa = PBXFileReference; lastKnownFileType = sourcecode.swift; path = UIFastButtonGroup.swift; sourceTree = "<group>"; };
		79BFCF9D261D54080057AB6E /* URL+Extensions.swift */ = {isa = PBXFileReference; lastKnownFileType = sourcecode.swift; path = "URL+Extensions.swift"; sourceTree = "<group>"; };
		79C113E425F9F5610068DA1E /* Binding.swift */ = {isa = PBXFileReference; lastKnownFileType = sourcecode.swift; path = Binding.swift; sourceTree = "<group>"; };
		79C571AB255781460038E3D5 /* UIColor+Extensions.swift */ = {isa = PBXFileReference; lastKnownFileType = sourcecode.swift; path = "UIColor+Extensions.swift"; sourceTree = "<group>"; };
		79C571AE255783800038E3D5 /* String+Extensions.swift */ = {isa = PBXFileReference; lastKnownFileType = sourcecode.swift; path = "String+Extensions.swift"; sourceTree = "<group>"; };
		79DF6607255521ED00842DE5 /* NameDescribable.swift */ = {isa = PBXFileReference; lastKnownFileType = sourcecode.swift; path = NameDescribable.swift; sourceTree = "<group>"; };
		79DF66122555280400842DE5 /* UIView+Extensions.swift */ = {isa = PBXFileReference; lastKnownFileType = sourcecode.swift; path = "UIView+Extensions.swift"; sourceTree = "<group>"; };
		79DF662E255537FB00842DE5 /* List+Extensions.swift */ = {isa = PBXFileReference; lastKnownFileType = sourcecode.swift; path = "List+Extensions.swift"; sourceTree = "<group>"; };
		79DF663B25553CB600842DE5 /* LoremSwiftum.swift */ = {isa = PBXFileReference; fileEncoding = 4; lastKnownFileType = sourcecode.swift; path = LoremSwiftum.swift; sourceTree = "<group>"; };
		E3F93987EF273BE362C8115F /* Pods_UIFastKit.framework */ = {isa = PBXFileReference; explicitFileType = wrapper.framework; includeInIndex = 0; path = Pods_UIFastKit.framework; sourceTree = BUILT_PRODUCTS_DIR; };
/* End PBXFileReference section */

/* Begin PBXFrameworksBuildPhase section */
		791E673E254BADDB00FE4D64 /* Frameworks */ = {
			isa = PBXFrameworksBuildPhase;
			buildActionMask = 2147483647;
			files = (
				9D72F4C7F96C0385D7DA398A /* Pods_UIFastKit.framework in Frameworks */,
			);
			runOnlyForDeploymentPostprocessing = 0;
		};
/* End PBXFrameworksBuildPhase section */

/* Begin PBXGroup section */
		32A9D9A62DDEB46F0FB2B1CA /* Frameworks */ = {
			isa = PBXGroup;
			children = (
				E3F93987EF273BE362C8115F /* Pods_UIFastKit.framework */,
			);
			name = Frameworks;
			sourceTree = "<group>";
		};
		7919C1252553EE19003F7465 /* UI */ = {
			isa = PBXGroup;
			children = (
				798D4F3526044F6B00D7CBE7 /* UIFastScrollBinding.swift */,
				798D4F3226044F5D00D7CBE7 /* UIFastPageScrollView.swift */,
				798404E92553A152000866F8 /* UIFastViewController.swift */,
				7919C1222553EE13003F7465 /* UIFastTableViewCell.swift */,
				791947212568C6CD0066CC44 /* UIFastCollectionViewCell.swift */,
			);
			path = UI;
			sourceTree = "<group>";
		};
		791E6737254BADDB00FE4D64 = {
			isa = PBXGroup;
			children = (
				791E6743254BADDB00FE4D64 /* UIFastKit */,
				791E6742254BADDB00FE4D64 /* Products */,
				9AE433E1134F7058F687AC77 /* Pods */,
				32A9D9A62DDEB46F0FB2B1CA /* Frameworks */,
			);
			sourceTree = "<group>";
		};
		791E6742254BADDB00FE4D64 /* Products */ = {
			isa = PBXGroup;
			children = (
				791E6741254BADDB00FE4D64 /* UIFastKit.framework */,
			);
			name = Products;
			sourceTree = "<group>";
		};
		791E6743254BADDB00FE4D64 /* UIFastKit */ = {
			isa = PBXGroup;
			children = (
				791E676D254BAEBC00FE4D64 /* Source */,
				791E6744254BADDB00FE4D64 /* UIFastKit.h */,
				791E6745254BADDB00FE4D64 /* Info.plist */,
			);
			path = UIFastKit;
			sourceTree = "<group>";
		};
		791E674E254BAE2700FE4D64 /* Shortcodes */ = {
			isa = PBXGroup;
			children = (
				7919425C256765C90066CC44 /* UITextView+Shortcodes.swift */,
				791E6752254BAE2700FE4D64 /* UIView+Shortcodes.swift */,
				791E6750254BAE2700FE4D64 /* UILabel+Shortcodes.swift */,
				791E6751254BAE2700FE4D64 /* UIButton+Shortcodes.swift */,
				791E674F254BAE2700FE4D64 /* UITextField+Shortcodes.swift */,
				791E6753254BAE2700FE4D64 /* UIImageView+Shortcodes.swift */,
				7919C13525545E1B003F7465 /* UIScreen+Shortcodes.swift */,
			);
			path = Shortcodes;
			sourceTree = "<group>";
		};
		791E6755254BAE2800FE4D64 /* Binding */ = {
			isa = PBXGroup;
			children = (
				79C113E425F9F5610068DA1E /* Binding.swift */,
				791E6756254BAE2800FE4D64 /* UIImageView+Binding.swift */,
				791E6757254BAE2800FE4D64 /* UILabel+Binding.swift */,
				791E6758254BAE2800FE4D64 /* UITextField+Binding.swift */,
				791E6759254BAE2800FE4D64 /* UIView+Binding.swift */,
				791E675B254BAE2800FE4D64 /* UIButton+Binding.swift */,
				791E675C254BAE2800FE4D64 /* UIControl+Binding.swift */,
			);
			path = Binding;
			sourceTree = "<group>";
		};
		791E676D254BAEBC00FE4D64 /* Source */ = {
			isa = PBXGroup;
			children = (
				79BFCF09261C98340057AB6E /* Utilities */,
				79DF663A25553CA000842DE5 /* 3rdParty */,
				79DF66062555218800842DE5 /* Extensions */,
				7919C1252553EE19003F7465 /* UI */,
				791E6754254BAE2800FE4D64 /* UIFastKit.swift */,
				791E675D254BAE2800FE4D64 /* UIFastDefine.swift */,
				791E6755254BAE2800FE4D64 /* Binding */,
				791E674E254BAE2700FE4D64 /* Shortcodes */,
			);
			path = Source;
			sourceTree = "<group>";
		};
		79BFCF09261C98340057AB6E /* Utilities */ = {
			isa = PBXGroup;
			children = (
				79BFCF0A261C985B0057AB6E /* UIFastButtonGroup.swift */,
			);
			path = Utilities;
			sourceTree = "<group>";
		};
		79DF66062555218800842DE5 /* Extensions */ = {
			isa = PBXGroup;
			children = (
				79DF6607255521ED00842DE5 /* NameDescribable.swift */,
				79DF66122555280400842DE5 /* UIView+Extensions.swift */,
				79DF662E255537FB00842DE5 /* List+Extensions.swift */,
				79C571AB255781460038E3D5 /* UIColor+Extensions.swift */,
				79C571AE255783800038E3D5 /* String+Extensions.swift */,
				798D52322607859600D7CBE7 /* CGFloat+Extensions.swift */,
				798D52622607B01200D7CBE7 /* Int+Extensions.swift */,
				79BFCF9D261D54080057AB6E /* URL+Extensions.swift */,
			);
			path = Extensions;
			sourceTree = "<group>";
		};
		79DF663A25553CA000842DE5 /* 3rdParty */ = {
			isa = PBXGroup;
			children = (
				79DF663B25553CB600842DE5 /* LoremSwiftum.swift */,
			);
			path = 3rdParty;
			sourceTree = "<group>";
		};
		9AE433E1134F7058F687AC77 /* Pods */ = {
			isa = PBXGroup;
			children = (
				0429F8FFF4A9C9F9C935D0F4 /* Pods-UIFastKit.debug.xcconfig */,
				1DA669913706B47499B54CF0 /* Pods-UIFastKit.release.xcconfig */,
			);
			path = Pods;
			sourceTree = "<group>";
		};
/* End PBXGroup section */

/* Begin PBXHeadersBuildPhase section */
		791E673C254BADDB00FE4D64 /* Headers */ = {
			isa = PBXHeadersBuildPhase;
			buildActionMask = 2147483647;
			files = (
				791E6746254BADDB00FE4D64 /* UIFastKit.h in Headers */,
			);
			runOnlyForDeploymentPostprocessing = 0;
		};
/* End PBXHeadersBuildPhase section */

/* Begin PBXNativeTarget section */
		791E6740254BADDB00FE4D64 /* UIFastKit */ = {
			isa = PBXNativeTarget;
			buildConfigurationList = 791E6749254BADDB00FE4D64 /* Build configuration list for PBXNativeTarget "UIFastKit" */;
			buildPhases = (
				003FC413AECCEA210AD18EA9 /* [CP] Check Pods Manifest.lock */,
				791E673C254BADDB00FE4D64 /* Headers */,
				791E673D254BADDB00FE4D64 /* Sources */,
				791E673E254BADDB00FE4D64 /* Frameworks */,
				791E673F254BADDB00FE4D64 /* Resources */,
			);
			buildRules = (
			);
			dependencies = (
			);
			name = UIFastKit;
			productName = UIFastKit;
			productReference = 791E6741254BADDB00FE4D64 /* UIFastKit.framework */;
			productType = "com.apple.product-type.framework";
		};
/* End PBXNativeTarget section */

/* Begin PBXProject section */
		791E6738254BADDB00FE4D64 /* Project object */ = {
			isa = PBXProject;
			attributes = {
				LastUpgradeCheck = 1210;
				TargetAttributes = {
					791E6740254BADDB00FE4D64 = {
						CreatedOnToolsVersion = 12.1;
						LastSwiftMigration = 1210;
					};
				};
			};
			buildConfigurationList = 791E673B254BADDB00FE4D64 /* Build configuration list for PBXProject "UIFastKit" */;
			compatibilityVersion = "Xcode 9.3";
			developmentRegion = en;
			hasScannedForEncodings = 0;
			knownRegions = (
				en,
				Base,
			);
			mainGroup = 791E6737254BADDB00FE4D64;
			productRefGroup = 791E6742254BADDB00FE4D64 /* Products */;
			projectDirPath = "";
			projectRoot = "";
			targets = (
				791E6740254BADDB00FE4D64 /* UIFastKit */,
			);
		};
/* End PBXProject section */

/* Begin PBXResourcesBuildPhase section */
		791E673F254BADDB00FE4D64 /* Resources */ = {
			isa = PBXResourcesBuildPhase;
			buildActionMask = 2147483647;
			files = (
			);
			runOnlyForDeploymentPostprocessing = 0;
		};
/* End PBXResourcesBuildPhase section */

/* Begin PBXShellScriptBuildPhase section */
		003FC413AECCEA210AD18EA9 /* [CP] Check Pods Manifest.lock */ = {
			isa = PBXShellScriptBuildPhase;
			buildActionMask = 2147483647;
			files = (
			);
			inputFileListPaths = (
			);
			inputPaths = (
				"${PODS_PODFILE_DIR_PATH}/Podfile.lock",
				"${PODS_ROOT}/Manifest.lock",
			);
			name = "[CP] Check Pods Manifest.lock";
			outputFileListPaths = (
			);
			outputPaths = (
				"$(DERIVED_FILE_DIR)/Pods-UIFastKit-checkManifestLockResult.txt",
			);
			runOnlyForDeploymentPostprocessing = 0;
			shellPath = /bin/sh;
			shellScript = "diff \"${PODS_PODFILE_DIR_PATH}/Podfile.lock\" \"${PODS_ROOT}/Manifest.lock\" > /dev/null\nif [ $? != 0 ] ; then\n    # print error to STDERR\n    echo \"error: The sandbox is not in sync with the Podfile.lock. Run 'pod install' or update your CocoaPods installation.\" >&2\n    exit 1\nfi\n# This output is used by Xcode 'outputs' to avoid re-running this script phase.\necho \"SUCCESS\" > \"${SCRIPT_OUTPUT_FILE_0}\"\n";
			showEnvVarsInLog = 0;
		};
/* End PBXShellScriptBuildPhase section */

/* Begin PBXSourcesBuildPhase section */
		791E673D254BADDB00FE4D64 /* Sources */ = {
			isa = PBXSourcesBuildPhase;
			buildActionMask = 2147483647;
			files = (
				791E6763254BAE2800FE4D64 /* UIFastKit.swift in Sources */,
				79DF6608255521ED00842DE5 /* NameDescribable.swift in Sources */,
				798D52332607859700D7CBE7 /* CGFloat+Extensions.swift in Sources */,
				798D4F3326044F5D00D7CBE7 /* UIFastPageScrollView.swift in Sources */,
				791E6761254BAE2800FE4D64 /* UIView+Shortcodes.swift in Sources */,
				791E6767254BAE2800FE4D64 /* UIView+Binding.swift in Sources */,
				7919C1232553EE13003F7465 /* UIFastTableViewCell.swift in Sources */,
				791E6769254BAE2800FE4D64 /* UIButton+Binding.swift in Sources */,
				798404EA2553A152000866F8 /* UIFastViewController.swift in Sources */,
				79BFCF0B261C985B0057AB6E /* UIFastButtonGroup.swift in Sources */,
				79C113E525F9F5620068DA1E /* Binding.swift in Sources */,
				791E675F254BAE2800FE4D64 /* UILabel+Shortcodes.swift in Sources */,
				791E6764254BAE2800FE4D64 /* UIImageView+Binding.swift in Sources */,
				79DF662F255537FB00842DE5 /* List+Extensions.swift in Sources */,
				791E675E254BAE2800FE4D64 /* UITextField+Shortcodes.swift in Sources */,
				791E6760254BAE2800FE4D64 /* UIButton+Shortcodes.swift in Sources */,
				791E676B254BAE2800FE4D64 /* UIFastDefine.swift in Sources */,
				798D52632607B01200D7CBE7 /* Int+Extensions.swift in Sources */,
				79DF66132555280400842DE5 /* UIView+Extensions.swift in Sources */,
				791E676A254BAE2800FE4D64 /* UIControl+Binding.swift in Sources */,
				79DF663C25553CB600842DE5 /* LoremSwiftum.swift in Sources */,
				791947222568C6CD0066CC44 /* UIFastCollectionViewCell.swift in Sources */,
				7919C13625545E1B003F7465 /* UIScreen+Shortcodes.swift in Sources */,
				791E6765254BAE2800FE4D64 /* UILabel+Binding.swift in Sources */,
				79BFCF9E261D54080057AB6E /* URL+Extensions.swift in Sources */,
				791E6766254BAE2800FE4D64 /* UITextField+Binding.swift in Sources */,
				79C571AF255783800038E3D5 /* String+Extensions.swift in Sources */,
				79C571AC255781460038E3D5 /* UIColor+Extensions.swift in Sources */,
				7919425D256765CA0066CC44 /* UITextView+Shortcodes.swift in Sources */,
				798D4F3626044F6B00D7CBE7 /* UIFastScrollBinding.swift in Sources */,
				791E6762254BAE2800FE4D64 /* UIImageView+Shortcodes.swift in Sources */,
			);
			runOnlyForDeploymentPostprocessing = 0;
		};
/* End PBXSourcesBuildPhase section */

/* Begin XCBuildConfiguration section */
		791E6747254BADDB00FE4D64 /* Debug */ = {
			isa = XCBuildConfiguration;
			buildSettings = {
				ALWAYS_SEARCH_USER_PATHS = NO;
				CLANG_ANALYZER_NONNULL = YES;
				CLANG_ANALYZER_NUMBER_OBJECT_CONVERSION = YES_AGGRESSIVE;
				CLANG_CXX_LANGUAGE_STANDARD = "gnu++14";
				CLANG_CXX_LIBRARY = "libc++";
				CLANG_ENABLE_MODULES = YES;
				CLANG_ENABLE_OBJC_ARC = YES;
				CLANG_ENABLE_OBJC_WEAK = YES;
				CLANG_WARN_BLOCK_CAPTURE_AUTORELEASING = YES;
				CLANG_WARN_BOOL_CONVERSION = YES;
				CLANG_WARN_COMMA = YES;
				CLANG_WARN_CONSTANT_CONVERSION = YES;
				CLANG_WARN_DEPRECATED_OBJC_IMPLEMENTATIONS = YES;
				CLANG_WARN_DIRECT_OBJC_ISA_USAGE = YES_ERROR;
				CLANG_WARN_DOCUMENTATION_COMMENTS = YES;
				CLANG_WARN_EMPTY_BODY = YES;
				CLANG_WARN_ENUM_CONVERSION = YES;
				CLANG_WARN_INFINITE_RECURSION = YES;
				CLANG_WARN_INT_CONVERSION = YES;
				CLANG_WARN_NON_LITERAL_NULL_CONVERSION = YES;
				CLANG_WARN_OBJC_IMPLICIT_RETAIN_SELF = YES;
				CLANG_WARN_OBJC_LITERAL_CONVERSION = YES;
				CLANG_WARN_OBJC_ROOT_CLASS = YES_ERROR;
				CLANG_WARN_QUOTED_INCLUDE_IN_FRAMEWORK_HEADER = YES;
				CLANG_WARN_RANGE_LOOP_ANALYSIS = YES;
				CLANG_WARN_STRICT_PROTOTYPES = YES;
				CLANG_WARN_SUSPICIOUS_MOVE = YES;
				CLANG_WARN_UNGUARDED_AVAILABILITY = YES_AGGRESSIVE;
				CLANG_WARN_UNREACHABLE_CODE = YES;
				CLANG_WARN__DUPLICATE_METHOD_MATCH = YES;
				COPY_PHASE_STRIP = NO;
				CURRENT_PROJECT_VERSION = 1;
				DEBUG_INFORMATION_FORMAT = dwarf;
				ENABLE_STRICT_OBJC_MSGSEND = YES;
				ENABLE_TESTABILITY = YES;
				GCC_C_LANGUAGE_STANDARD = gnu11;
				GCC_DYNAMIC_NO_PIC = NO;
				GCC_NO_COMMON_BLOCKS = YES;
				GCC_OPTIMIZATION_LEVEL = 0;
				GCC_PREPROCESSOR_DEFINITIONS = (
					"DEBUG=1",
					"$(inherited)",
				);
				GCC_WARN_64_TO_32_BIT_CONVERSION = YES;
				GCC_WARN_ABOUT_RETURN_TYPE = YES_ERROR;
				GCC_WARN_UNDECLARED_SELECTOR = YES;
				GCC_WARN_UNINITIALIZED_AUTOS = YES_AGGRESSIVE;
				GCC_WARN_UNUSED_FUNCTION = YES;
				GCC_WARN_UNUSED_VARIABLE = YES;
				IPHONEOS_DEPLOYMENT_TARGET = 14.1;
				MTL_ENABLE_DEBUG_INFO = INCLUDE_SOURCE;
				MTL_FAST_MATH = YES;
				ONLY_ACTIVE_ARCH = YES;
				SDKROOT = iphoneos;
				SWIFT_ACTIVE_COMPILATION_CONDITIONS = DEBUG;
				SWIFT_OPTIMIZATION_LEVEL = "-Onone";
				VERSIONING_SYSTEM = "apple-generic";
				VERSION_INFO_PREFIX = "";
			};
			name = Debug;
		};
		791E6748254BADDB00FE4D64 /* Release */ = {
			isa = XCBuildConfiguration;
			buildSettings = {
				ALWAYS_SEARCH_USER_PATHS = NO;
				CLANG_ANALYZER_NONNULL = YES;
				CLANG_ANALYZER_NUMBER_OBJECT_CONVERSION = YES_AGGRESSIVE;
				CLANG_CXX_LANGUAGE_STANDARD = "gnu++14";
				CLANG_CXX_LIBRARY = "libc++";
				CLANG_ENABLE_MODULES = YES;
				CLANG_ENABLE_OBJC_ARC = YES;
				CLANG_ENABLE_OBJC_WEAK = YES;
				CLANG_WARN_BLOCK_CAPTURE_AUTORELEASING = YES;
				CLANG_WARN_BOOL_CONVERSION = YES;
				CLANG_WARN_COMMA = YES;
				CLANG_WARN_CONSTANT_CONVERSION = YES;
				CLANG_WARN_DEPRECATED_OBJC_IMPLEMENTATIONS = YES;
				CLANG_WARN_DIRECT_OBJC_ISA_USAGE = YES_ERROR;
				CLANG_WARN_DOCUMENTATION_COMMENTS = YES;
				CLANG_WARN_EMPTY_BODY = YES;
				CLANG_WARN_ENUM_CONVERSION = YES;
				CLANG_WARN_INFINITE_RECURSION = YES;
				CLANG_WARN_INT_CONVERSION = YES;
				CLANG_WARN_NON_LITERAL_NULL_CONVERSION = YES;
				CLANG_WARN_OBJC_IMPLICIT_RETAIN_SELF = YES;
				CLANG_WARN_OBJC_LITERAL_CONVERSION = YES;
				CLANG_WARN_OBJC_ROOT_CLASS = YES_ERROR;
				CLANG_WARN_QUOTED_INCLUDE_IN_FRAMEWORK_HEADER = YES;
				CLANG_WARN_RANGE_LOOP_ANALYSIS = YES;
				CLANG_WARN_STRICT_PROTOTYPES = YES;
				CLANG_WARN_SUSPICIOUS_MOVE = YES;
				CLANG_WARN_UNGUARDED_AVAILABILITY = YES_AGGRESSIVE;
				CLANG_WARN_UNREACHABLE_CODE = YES;
				CLANG_WARN__DUPLICATE_METHOD_MATCH = YES;
				COPY_PHASE_STRIP = NO;
				CURRENT_PROJECT_VERSION = 1;
				DEBUG_INFORMATION_FORMAT = "dwarf-with-dsym";
				ENABLE_NS_ASSERTIONS = NO;
				ENABLE_STRICT_OBJC_MSGSEND = YES;
				GCC_C_LANGUAGE_STANDARD = gnu11;
				GCC_NO_COMMON_BLOCKS = YES;
				GCC_WARN_64_TO_32_BIT_CONVERSION = YES;
				GCC_WARN_ABOUT_RETURN_TYPE = YES_ERROR;
				GCC_WARN_UNDECLARED_SELECTOR = YES;
				GCC_WARN_UNINITIALIZED_AUTOS = YES_AGGRESSIVE;
				GCC_WARN_UNUSED_FUNCTION = YES;
				GCC_WARN_UNUSED_VARIABLE = YES;
				IPHONEOS_DEPLOYMENT_TARGET = 14.1;
				MTL_ENABLE_DEBUG_INFO = NO;
				MTL_FAST_MATH = YES;
				SDKROOT = iphoneos;
				SWIFT_COMPILATION_MODE = wholemodule;
				SWIFT_OPTIMIZATION_LEVEL = "-O";
				VALIDATE_PRODUCT = YES;
				VERSIONING_SYSTEM = "apple-generic";
				VERSION_INFO_PREFIX = "";
			};
			name = Release;
		};
		791E674A254BADDB00FE4D64 /* Debug */ = {
			isa = XCBuildConfiguration;
			baseConfigurationReference = 0429F8FFF4A9C9F9C935D0F4 /* Pods-UIFastKit.debug.xcconfig */;
			buildSettings = {
				CLANG_ENABLE_MODULES = YES;
				CODE_SIGN_STYLE = Automatic;
				DEFINES_MODULE = YES;
				DYLIB_COMPATIBILITY_VERSION = 1;
				DYLIB_CURRENT_VERSION = 1;
				DYLIB_INSTALL_NAME_BASE = "@rpath";
				INFOPLIST_FILE = UIFastKit/Info.plist;
				INSTALL_PATH = "$(LOCAL_LIBRARY_DIR)/Frameworks";
				IPHONEOS_DEPLOYMENT_TARGET = 10.0;
				LD_RUNPATH_SEARCH_PATHS = (
					"$(inherited)",
					"@executable_path/Frameworks",
					"@loader_path/Frameworks",
				);
				PRODUCT_BUNDLE_IDENTIFIER = bmcool.UIFastKit;
				PRODUCT_NAME = "$(TARGET_NAME:c99extidentifier)";
				SKIP_INSTALL = YES;
				SWIFT_OPTIMIZATION_LEVEL = "-Onone";
				SWIFT_VERSION = 5.0;
				TARGETED_DEVICE_FAMILY = "1,2";
			};
			name = Debug;
		};
		791E674B254BADDB00FE4D64 /* Release */ = {
			isa = XCBuildConfiguration;
			baseConfigurationReference = 1DA669913706B47499B54CF0 /* Pods-UIFastKit.release.xcconfig */;
			buildSettings = {
				CLANG_ENABLE_MODULES = YES;
				CODE_SIGN_STYLE = Automatic;
				DEFINES_MODULE = YES;
				DYLIB_COMPATIBILITY_VERSION = 1;
				DYLIB_CURRENT_VERSION = 1;
				DYLIB_INSTALL_NAME_BASE = "@rpath";
				INFOPLIST_FILE = UIFastKit/Info.plist;
				INSTALL_PATH = "$(LOCAL_LIBRARY_DIR)/Frameworks";
				IPHONEOS_DEPLOYMENT_TARGET = 10.0;
				LD_RUNPATH_SEARCH_PATHS = (
					"$(inherited)",
					"@executable_path/Frameworks",
					"@loader_path/Frameworks",
				);
				PRODUCT_BUNDLE_IDENTIFIER = bmcool.UIFastKit;
				PRODUCT_NAME = "$(TARGET_NAME:c99extidentifier)";
				SKIP_INSTALL = YES;
				SWIFT_VERSION = 5.0;
				TARGETED_DEVICE_FAMILY = "1,2";
			};
			name = Release;
		};
/* End XCBuildConfiguration section */

/* Begin XCConfigurationList section */
		791E673B254BADDB00FE4D64 /* Build configuration list for PBXProject "UIFastKit" */ = {
			isa = XCConfigurationList;
			buildConfigurations = (
				791E6747254BADDB00FE4D64 /* Debug */,
				791E6748254BADDB00FE4D64 /* Release */,
			);
			defaultConfigurationIsVisible = 0;
			defaultConfigurationName = Release;
		};
		791E6749254BADDB00FE4D64 /* Build configuration list for PBXNativeTarget "UIFastKit" */ = {
			isa = XCConfigurationList;
			buildConfigurations = (
				791E674A254BADDB00FE4D64 /* Debug */,
				791E674B254BADDB00FE4D64 /* Release */,
			);
			defaultConfigurationIsVisible = 0;
			defaultConfigurationName = Release;
		};
/* End XCConfigurationList section */
	};
	rootObject = 791E6738254BADDB00FE4D64 /* Project object */;
}
