PODS:
  - FlexLayout (1.3.20)
  - PinLayout (1.9.2)
  - "UITextView+Placeholder (1.4.0)"

DEPENDENCIES:
  - FlexLayout
  - PinLayout
  - "UITextView+Placeholder"

SPEC REPOS:
  https://github.com/CocoaPods/Specs.git:
    - FlexLayout
    - PinLayout
    - "UITextView+Placeholder"

SPEC CHECKSUMS:
  FlexLayout: 025dd153bd5618dcc9f93ef914106d7dc2a86fdc
  PinLayout: 0d96022e46e8b80468d819f182a393b97ca038da
  "UITextView+Placeholder": d7b0c400921f66523f3a85d74f774512e14f6502

PODFILE CHECKSUM: 97894f83b8f007a035ca80d073673be635df9d05

COCOAPODS: 1.10.1
